{
    "version": 3,
    "terraform_version": "0.11.11",
    "serial": 49,
    "lineage": "f3fc46b6-24be-d536-28e3-b6523ca20e01",
    "modules": [
        {
            "path": [
                "root"
            ],
            "outputs": {
                "availability_set_id": {
                    "sensitive": false,
                    "type": "string",
                    "value": "/subscriptions/6c4adb2a-8aac-4f54-970f-2996f6d04649/resourceGroups/uw1_dev_arwver_infrastructure/providers/Microsoft.Compute/availabilitySets/terraformtest-avset"
                },
                "azurerm_resource_group_id": {
                    "sensitive": false,
                    "type": "string",
                    "value": "/subscriptions/6c4adb2a-8aac-4f54-970f-2996f6d04649/resourceGroups/uw1_dev_arwver_infrastructure"
                },
                "network_interface_id": {
                    "sensitive": false,
                    "type": "list",
                    "value": [
                        "/subscriptions/6c4adb2a-8aac-4f54-970f-2996f6d04649/resourceGroups/uw1_dev_arwver_infrastructure/providers/Microsoft.Network/networkInterfaces/nic-terraformtest0"
                    ]
                },
                "network_interface_ip_address": {
                    "sensitive": false,
                    "type": "list",
                    "value": [
                        "10.251.172.49"
                    ]
                },
                "subnet_id": {
                    "sensitive": false,
                    "type": "string",
                    "value": "/subscriptions/6c4adb2a-8aac-4f54-970f-2996f6d04649/resourceGroups/digital_vnet/providers/Microsoft.Network/virtualNetworks/digital_vnet2/subnets/digital_sb_10_251_172_0_22"
                },
                "vm_ids": {
                    "sensitive": false,
                    "type": "list",
                    "value": []
                }
            },
            "resources": {
                "azurerm_availability_set.as": {
                    "type": "azurerm_availability_set",
                    "depends_on": [
                        "data.azurerm_resource_group.test"
                    ],
                    "primary": {
                        "id": "/subscriptions/6c4adb2a-8aac-4f54-970f-2996f6d04649/resourceGroups/uw1_dev_arwver_infrastructure/providers/Microsoft.Compute/availabilitySets/terraformtest-avset",
                        "attributes": {
                            "id": "/subscriptions/6c4adb2a-8aac-4f54-970f-2996f6d04649/resourceGroups/uw1_dev_arwver_infrastructure/providers/Microsoft.Compute/availabilitySets/terraformtest-avset",
                            "location": "westus",
                            "managed": "true",
                            "name": "terraformtest-avset",
                            "platform_fault_domain_count": "2",
                            "platform_update_domain_count": "5",
                            "resource_group_name": "uw1_dev_arwver_infrastructure",
                            "tags.%": "4",
                            "tags.Business Unit": "Digital (All)",
                            "tags.Environment Type": "Non Production",
                            "tags.Project Name": "Operational",
                            "tags.Sub Business Unit": "Arrow.com/Verical"
                        },
                        "meta": {},
                        "tainted": false
                    },
                    "deposed": [],
                    "provider": "provider.azurerm"
                },
                "azurerm_network_interface.vm_nic": {
                    "type": "azurerm_network_interface",
                    "depends_on": [
                        "data.azurerm_resource_group.test",
                        "data.azurerm_subnet.test"
                    ],
                    "primary": {
                        "id": "/subscriptions/6c4adb2a-8aac-4f54-970f-2996f6d04649/resourceGroups/uw1_dev_arwver_infrastructure/providers/Microsoft.Network/networkInterfaces/nic-terraformtest0",
                        "attributes": {
                            "applied_dns_servers.#": "0",
                            "dns_servers.#": "0",
                            "enable_accelerated_networking": "false",
                            "enable_ip_forwarding": "false",
                            "id": "/subscriptions/6c4adb2a-8aac-4f54-970f-2996f6d04649/resourceGroups/uw1_dev_arwver_infrastructure/providers/Microsoft.Network/networkInterfaces/nic-terraformtest0",
                            "internal_dns_name_label": "",
                            "internal_fqdn": "",
                            "ip_configuration.#": "1",
                            "ip_configuration.0.application_gateway_backend_address_pools_ids.#": "0",
                            "ip_configuration.0.application_security_group_ids.#": "0",
                            "ip_configuration.0.load_balancer_backend_address_pools_ids.#": "0",
                            "ip_configuration.0.load_balancer_inbound_nat_rules_ids.#": "0",
                            "ip_configuration.0.name": "ipconfig0",
                            "ip_configuration.0.primary": "true",
                            "ip_configuration.0.private_ip_address": "",
                            "ip_configuration.0.private_ip_address_allocation": "dynamic",
                            "ip_configuration.0.private_ip_address_version": "IPv4",
                            "ip_configuration.0.public_ip_address_id": "",
                            "ip_configuration.0.subnet_id": "/subscriptions/6c4adb2a-8aac-4f54-970f-2996f6d04649/resourceGroups/digital_vnet/providers/Microsoft.Network/virtualNetworks/digital_vnet2/subnets/digital_sb_10_251_172_0_22",
                            "location": "westus",
                            "mac_address": "00-0D-3A-5A-BA-1E",
                            "name": "nic-terraformtest0",
                            "network_security_group_id": "",
                            "private_ip_address": "10.251.172.49",
                            "private_ip_addresses.#": "1",
                            "private_ip_addresses.0": "10.251.172.49",
                            "resource_group_name": "uw1_dev_arwver_infrastructure",
                            "tags.%": "4",
                            "tags.Business Unit": "Digital (All)",
                            "tags.Environment Type": "Non Production",
                            "tags.Project Name": "Operational",
                            "tags.Sub Business Unit": "Arrow.com/Verical",
                            "virtual_machine_id": "/subscriptions/6c4adb2a-8aac-4f54-970f-2996f6d04649/resourceGroups/uw1_dev_arwver_infrastructure/providers/Microsoft.Compute/virtualMachines/terraformtest0"
                        },
                        "meta": {},
                        "tainted": false
                    },
                    "deposed": [],
                    "provider": "provider.azurerm"
                },
                "azurerm_storage_account.vm-sa": {
                    "type": "azurerm_storage_account",
                    "depends_on": [
                        "data.azurerm_resource_group.test",
                        "random_id.vm-sa"
                    ],
                    "primary": {
                        "id": "/subscriptions/6c4adb2a-8aac-4f54-970f-2996f6d04649/resourceGroups/uw1_dev_arwver_infrastructure/providers/Microsoft.Storage/storageAccounts/bootdiag3c15227f0a0c",
                        "attributes": {
                            "access_tier": "",
                            "account_encryption_source": "Microsoft.Storage",
                            "account_kind": "Storage",
                            "account_replication_type": "LRS",
                            "account_tier": "Standard",
                            "account_type": "Standard_LRS",
                            "enable_blob_encryption": "true",
                            "enable_file_encryption": "true",
                            "enable_https_traffic_only": "false",
                            "id": "/subscriptions/6c4adb2a-8aac-4f54-970f-2996f6d04649/resourceGroups/uw1_dev_arwver_infrastructure/providers/Microsoft.Storage/storageAccounts/bootdiag3c15227f0a0c",
                            "identity.#": "0",
                            "location": "westus",
                            "name": "bootdiag3c15227f0a0c",
                            "network_rules.#": "0",
                            "primary_access_key": "7h0krU1MddD3h0vgYjwOeBszoefvtk6zpTGQmjR73ir3vqjZ70CEvSpvq9PuH/6R218vZsxEJkwmqJEIexR2Mg==",
                            "primary_blob_connection_string": "DefaultEndpointsProtocol=https;BlobEndpoint=https://bootdiag3c15227f0a0c.blob.core.windows.net/;AccountName=bootdiag3c15227f0a0c;AccountKey=7h0krU1MddD3h0vgYjwOeBszoefvtk6zpTGQmjR73ir3vqjZ70CEvSpvq9PuH/6R218vZsxEJkwmqJEIexR2Mg==",
                            "primary_blob_endpoint": "https://bootdiag3c15227f0a0c.blob.core.windows.net/",
                            "primary_connection_string": "DefaultEndpointsProtocol=https;AccountName=bootdiag3c15227f0a0c;AccountKey=7h0krU1MddD3h0vgYjwOeBszoefvtk6zpTGQmjR73ir3vqjZ70CEvSpvq9PuH/6R218vZsxEJkwmqJEIexR2Mg==;EndpointSuffix=core.windows.net",
                            "primary_file_endpoint": "https://bootdiag3c15227f0a0c.file.core.windows.net/",
                            "primary_location": "westus",
                            "primary_queue_endpoint": "https://bootdiag3c15227f0a0c.queue.core.windows.net/",
                            "primary_table_endpoint": "https://bootdiag3c15227f0a0c.table.core.windows.net/",
                            "resource_group_name": "uw1_dev_arwver_infrastructure",
                            "secondary_access_key": "HB0UlYiDETYkxbQ0dGG5P3XVsjJNxrpi4LMMEQTmp8xraPn/f2dK0RqrvgPEHA+KhIBl+Y2sL6Di2cPrKedlgw==",
                            "secondary_connection_string": "DefaultEndpointsProtocol=https;AccountName=bootdiag3c15227f0a0c;AccountKey=HB0UlYiDETYkxbQ0dGG5P3XVsjJNxrpi4LMMEQTmp8xraPn/f2dK0RqrvgPEHA+KhIBl+Y2sL6Di2cPrKedlgw==;EndpointSuffix=core.windows.net",
                            "secondary_location": "",
                            "tags.%": "4",
                            "tags.Business Unit": "Digital (All)",
                            "tags.Environment Type": "Non Production",
                            "tags.Project Name": "Operational",
                            "tags.Sub Business Unit": "Arrow.com/Verical"
                        },
                        "meta": {
                            "schema_version": "2"
                        },
                        "tainted": false
                    },
                    "deposed": [],
                    "provider": "provider.azurerm"
                },
                "azurerm_virtual_machine.vm-linux-with-datadisk": {
                    "type": "azurerm_virtual_machine",
                    "depends_on": [
                        "azurerm_availability_set.as",
                        "azurerm_network_interface.vm_nic",
                        "azurerm_network_interface.vm_nic.*",
                        "azurerm_storage_account.vm-sa.*",
                        "data.azurerm_resource_group.test",
                        "module.os"
                    ],
                    "primary": {
                        "id": "/subscriptions/6c4adb2a-8aac-4f54-970f-2996f6d04649/resourceGroups/uw1_dev_arwver_infrastructure/providers/Microsoft.Compute/virtualMachines/terraformtest0",
                        "attributes": {
                            "availability_set_id": "/subscriptions/6c4adb2a-8aac-4f54-970f-2996f6d04649/resourcegroups/uw1_dev_arwver_infrastructure/providers/microsoft.compute/availabilitysets/terraformtest-avset",
                            "boot_diagnostics.#": "1",
                            "boot_diagnostics.0.enabled": "true",
                            "boot_diagnostics.0.storage_uri": "https://bootdiag3c15227f0a0c.blob.core.windows.net/",
                            "delete_data_disks_on_termination": "true",
                            "delete_os_disk_on_termination": "true",
                            "id": "/subscriptions/6c4adb2a-8aac-4f54-970f-2996f6d04649/resourceGroups/uw1_dev_arwver_infrastructure/providers/Microsoft.Compute/virtualMachines/terraformtest0",
                            "identity.#": "0",
                            "location": "westus",
                            "name": "terraformtest0",
                            "network_interface_ids.#": "1",
                            "network_interface_ids.0": "/subscriptions/6c4adb2a-8aac-4f54-970f-2996f6d04649/resourceGroups/uw1_dev_arwver_infrastructure/providers/Microsoft.Network/networkInterfaces/nic-terraformtest0",
                            "os_profile.#": "1",
                            "os_profile.2667045099.admin_password": "",
                            "os_profile.2667045099.admin_username": "azureadmin",
                            "os_profile.2667045099.computer_name": "terraformtest0",
                            "os_profile.2667045099.custom_data": "",
                            "os_profile_linux_config.#": "1",
                            "os_profile_linux_config.2972667452.disable_password_authentication": "false",
                            "os_profile_linux_config.2972667452.ssh_keys.#": "1",
                            "os_profile_linux_config.2972667452.ssh_keys.0.key_data": "ssh-rsa AAAAB3NzaC1yc2EAAAADAQABAAABAQCo61ECY2sepEObAhB4koTKWLWa4e93MSRtk2EgEy16EXupZUZZN46YvTBfHxxuAdUVBKXBCXDKpTnqRgrgWxcMWsZuggy8pfeilkeTE0UD8Q2hdyNnBbC5YvAvxRHChyonAwKzRFO2B27r2mRj5ZyNYjOayU8rthgwA2qO/Hek6szVmLkqRxkKDYGVJ9bLbJmLJXbHy1xzIBSHHslD7eNZetjNbCRzDE5Cup2ix4PII07sRvS2rmQDLLOXM9rdZDpeo+y/HG2u8w/naoN7hT8DGk0WER4Hc+/pldPaGReyTbdAFGnKQWPFAs4QaQAYDrTsD1qnYHwDaiXGltw3Fp7L azureadmin@uw1vminas001p.arwcloud.net\n",
                            "os_profile_linux_config.2972667452.ssh_keys.0.path": "/home/azureadmin/.ssh/authorized_keys",
                            "os_profile_secrets.#": "0",
                            "os_profile_windows_config.#": "0",
                            "plan.#": "0",
                            "resource_group_name": "uw1_dev_arwver_infrastructure",
                            "storage_data_disk.#": "1",
                            "storage_data_disk.0.caching": "None",
                            "storage_data_disk.0.create_option": "Empty",
                            "storage_data_disk.0.disk_size_gb": "1023",
                            "storage_data_disk.0.lun": "0",
                            "storage_data_disk.0.managed_disk_id": "/subscriptions/6c4adb2a-8aac-4f54-970f-2996f6d04649/resourceGroups/uw1_dev_arwver_infrastructure/providers/Microsoft.Compute/disks/datadisk-terraformtest-0",
                            "storage_data_disk.0.managed_disk_type": "Premium_LRS",
                            "storage_data_disk.0.name": "datadisk-terraformtest-0",
                            "storage_data_disk.0.vhd_uri": "",
                            "storage_data_disk.0.write_accelerator_enabled": "false",
                            "storage_image_reference.#": "1",
                            "storage_image_reference.2204875502.id": "",
                            "storage_image_reference.2204875502.offer": "RHEL",
                            "storage_image_reference.2204875502.publisher": "RedHat",
                            "storage_image_reference.2204875502.sku": "7.4",
                            "storage_image_reference.2204875502.version": "latest",
                            "storage_os_disk.#": "1",
                            "storage_os_disk.0.caching": "ReadWrite",
                            "storage_os_disk.0.create_option": "FromImage",
                            "storage_os_disk.0.disk_size_gb": "32",
                            "storage_os_disk.0.image_uri": "",
                            "storage_os_disk.0.managed_disk_id": "/subscriptions/6c4adb2a-8aac-4f54-970f-2996f6d04649/resourceGroups/uw1_dev_arwver_infrastructure/providers/Microsoft.Compute/disks/osdisk-terraformtest-0",
                            "storage_os_disk.0.managed_disk_type": "Standard_LRS",
                            "storage_os_disk.0.name": "osdisk-terraformtest-0",
                            "storage_os_disk.0.os_type": "Linux",
                            "storage_os_disk.0.vhd_uri": "",
                            "storage_os_disk.0.write_accelerator_enabled": "false",
                            "tags.%": "4",
                            "tags.Business Unit": "Digital (All)",
                            "tags.Environment Type": "Non Production",
                            "tags.Project Name": "Operational",
                            "tags.Sub Business Unit": "Arrow.com/Verical",
                            "vm_size": "Standard_DS1_V2",
                            "zones.#": "0"
                        },
                        "meta": {},
                        "tainted": false
                    },
                    "deposed": [],
                    "provider": "provider.azurerm"
                },
                "data.azurerm_resource_group.test": {
                    "type": "azurerm_resource_group",
                    "depends_on": [],
                    "primary": {
                        "id": "/subscriptions/6c4adb2a-8aac-4f54-970f-2996f6d04649/resourceGroups/uw1_dev_arwver_infrastructure",
                        "attributes": {
                            "id": "/subscriptions/6c4adb2a-8aac-4f54-970f-2996f6d04649/resourceGroups/uw1_dev_arwver_infrastructure",
                            "location": "westus",
                            "name": "uw1_dev_arwver_infrastructure",
                            "tags.%": "4",
                            "tags.Business Unit": "Digital (All)",
                            "tags.Environment Type": "Non Production",
                            "tags.Project Name": "Operational",
                            "tags.Sub Business Unit": "Arrow.com/Verical"
                        },
                        "meta": {},
                        "tainted": false
                    },
                    "deposed": [],
                    "provider": "provider.azurerm"
                },
                "data.azurerm_subnet.test": {
                    "type": "azurerm_subnet",
                    "depends_on": [],
                    "primary": {
                        "id": "/subscriptions/6c4adb2a-8aac-4f54-970f-2996f6d04649/resourceGroups/digital_vnet/providers/Microsoft.Network/virtualNetworks/digital_vnet2/subnets/digital_sb_10_251_172_0_22",
                        "attributes": {
                            "address_prefix": "10.251.172.0/22",
                            "id": "/subscriptions/6c4adb2a-8aac-4f54-970f-2996f6d04649/resourceGroups/digital_vnet/providers/Microsoft.Network/virtualNetworks/digital_vnet2/subnets/digital_sb_10_251_172_0_22",
                            "ip_configurations.#": "83",
                            "ip_configurations.1021854813": "/subscriptions/6c4adb2a-8aac-4f54-970f-2996f6d04649/resourceGroups/uw1_dev_arrow_po-upload/providers/Microsoft.Network/networkInterfaces/uw1vmmyap002dNIC1/ipConfigurations/ipconfig1",
                            "ip_configurations.1042339764": "/subscriptions/6c4adb2a-8aac-4f54-970f-2996f6d04649/resourceGroups/uw1_dev_arwver_haproxy/providers/Microsoft.Network/loadBalancers/uw1lbavha001d/frontendIPConfigurations/LoadBalancerFrontEnd",
                            "ip_configurations.1048285682": "/subscriptions/6c4adb2a-8aac-4f54-970f-2996f6d04649/resourceGroups/uw1_dev_arrow_po-upload/providers/Microsoft.Network/networkInterfaces/uw1vmpajn001dNIC1/ipConfigurations/ipconfig1",
                            "ip_configurations.108413396": "/subscriptions/6c4adb2a-8aac-4f54-970f-2996f6d04649/resourceGroups/uw1_dev_arrow_designcenter/providers/Microsoft.Network/networkInterfaces/uw1vmdskm001d223/ipConfigurations/ipconfig1",
                            "ip_configurations.1095175281": "/subscriptions/6c4adb2a-8aac-4f54-970f-2996f6d04649/resourceGroups/uw1_dev_arrow_designcenter/providers/Microsoft.Network/networkInterfaces/uw1vmdskw002d976/ipConfigurations/ipconfig1",
                            "ip_configurations.1102830651": "/subscriptions/6c4adb2a-8aac-4f54-970f-2996f6d04649/resourceGroups/UW1_DEV_ARROW_PO-UPLOAD/providers/Microsoft.Network/networkInterfaces/uw1vmpajn006dnic1/ipConfigurations/IPConfiguration1",
                            "ip_configurations.1236805343": "/subscriptions/6c4adb2a-8aac-4f54-970f-2996f6d04649/resourceGroups/uw1_dev_arwver_hybris/providers/Microsoft.Network/networkInterfaces/uw1vmhbdb001d248/ipConfigurations/ipconfig1",
                            "ip_configurations.1248291401": "/subscriptions/6c4adb2a-8aac-4f54-970f-2996f6d04649/resourceGroups/uw1_dev_arwver_hybriscommerce/providers/Microsoft.Network/networkInterfaces/uw1vmhcss001dNIC1/ipConfigurations/ipconfig1",
                            "ip_configurations.1313855369": "/subscriptions/6c4adb2a-8aac-4f54-970f-2996f6d04649/resourceGroups/uw1_dev_arrow_miscapp/providers/Microsoft.Network/networkInterfaces/uw1vmjeap001d766/ipConfigurations/ipconfig1",
                            "ip_configurations.1350496790": "/subscriptions/6c4adb2a-8aac-4f54-970f-2996f6d04649/resourceGroups/uw1_dev_arwver_haproxy/providers/Microsoft.Network/loadBalancers/uw1lbavha001d/frontendIPConfigurations/devstatic.verical.com",
                            "ip_configurations.1357610055": "/subscriptions/6c4adb2a-8aac-4f54-970f-2996f6d04649/resourceGroups/uw1_sand_arrow_sitecore/providers/Microsoft.Network/networkInterfaces/uw1vmscdb001b625/ipConfigurations/ipconfig1",
                            "ip_configurations.13610816": "/subscriptions/6c4adb2a-8aac-4f54-970f-2996f6d04649/resourceGroups/uw1_dev_arwver_hybris/providers/Microsoft.Network/networkInterfaces/uw1vmhbws001d146/ipConfigurations/ipconfig1",
                            "ip_configurations.1378863292": "/subscriptions/6c4adb2a-8aac-4f54-970f-2996f6d04649/resourceGroups/test-powerBIclass/providers/Microsoft.Network/networkInterfaces/uw1vmbiap001d396/ipConfigurations/ipconfig1",
                            "ip_configurations.1402908692": "/subscriptions/6c4adb2a-8aac-4f54-970f-2996f6d04649/resourceGroups/uw1_dev_arrow_po-upload/providers/Microsoft.Network/networkInterfaces/uw1vmpajn003dNIC1/ipConfigurations/ipconfig1",
                            "ip_configurations.1445159887": "/subscriptions/6c4adb2a-8aac-4f54-970f-2996f6d04649/resourceGroups/uw1_dev_myarrow/providers/Microsoft.Network/networkInterfaces/uw1vmmydb001d792/ipConfigurations/ipconfig1",
                            "ip_configurations.1510884764": "/subscriptions/6c4adb2a-8aac-4f54-970f-2996f6d04649/resourceGroups/uw1_dev_arrow_k8/providers/Microsoft.Network/networkInterfaces/uw1vmkuap001dNIC1/ipConfigurations/ipconfig1",
                            "ip_configurations.1569705381": "/subscriptions/6c4adb2a-8aac-4f54-970f-2996f6d04649/resourceGroups/uw1_dev_myarrow/providers/Microsoft.Network/networkInterfaces/uw1vmmykf101d401/ipConfigurations/ipconfig1",
                            "ip_configurations.1699397808": "/subscriptions/6c4adb2a-8aac-4f54-970f-2996f6d04649/resourceGroups/uw1_dev_myarrow/providers/Microsoft.Network/networkInterfaces/uw1vmmykf103d401/ipConfigurations/ipconfig1",
                            "ip_configurations.1744827720": "/subscriptions/6c4adb2a-8aac-4f54-970f-2996f6d04649/resourceGroups/uw1_dev_arrow_po-upload/providers/Microsoft.Network/networkInterfaces/uw1vmmyap001dNIC1/ipConfigurations/ipconfig1",
                            "ip_configurations.1747198750": "/subscriptions/6c4adb2a-8aac-4f54-970f-2996f6d04649/resourceGroups/uw1_dev_arwver_infrastructure/providers/Microsoft.Network/networkInterfaces/testnew460/ipConfigurations/ipconfig1",
                            "ip_configurations.1813345869": "/subscriptions/6c4adb2a-8aac-4f54-970f-2996f6d04649/resourceGroups/uw1_dev_arrow_po-upload/providers/Microsoft.Network/networkInterfaces/uw1vmpajn005d471/ipConfigurations/ipconfig1",
                            "ip_configurations.1846383249": "/subscriptions/6c4adb2a-8aac-4f54-970f-2996f6d04649/resourceGroups/uw1_dev_arwver_haproxy/providers/Microsoft.Network/networkInterfaces/uw1vmavha001dNIC1/ipConfigurations/ipconfig1",
                            "ip_configurations.18478217": "/subscriptions/6c4adb2a-8aac-4f54-970f-2996f6d04649/resourceGroups/uw1_dev_arrow_k8/providers/Microsoft.Network/networkInterfaces/uw1vmkuap002dNIC1/ipConfigurations/ipconfig1",
                            "ip_configurations.1857109204": "/subscriptions/6c4adb2a-8aac-4f54-970f-2996f6d04649/resourceGroups/UW1_DEV_ARROW_PO-UPLOAD/providers/Microsoft.Network/networkInterfaces/uw1vmpajn008dnic1/ipConfigurations/IPConfiguration1",
                            "ip_configurations.1940786192": "/subscriptions/6c4adb2a-8aac-4f54-970f-2996f6d04649/resourceGroups/uw1_dev_myarrow/providers/Microsoft.Network/networkInterfaces/uw1vmmydb002d186/ipConfigurations/ipconfig1",
                            "ip_configurations.1975881499": "/subscriptions/6c4adb2a-8aac-4f54-970f-2996f6d04649/resourceGroups/uw1_dev_arwver_haproxy/providers/Microsoft.Network/loadBalancers/uw1lbavha001d/frontendIPConfigurations/dev-myarrow-api",
                            "ip_configurations.1988117973": "/subscriptions/6c4adb2a-8aac-4f54-970f-2996f6d04649/resourceGroups/uw1_dev_arwver_hybris/providers/Microsoft.Network/networkInterfaces/uw1vmhbss001dNIC1/ipConfigurations/ipconfig1",
                            "ip_configurations.2011865033": "/subscriptions/6c4adb2a-8aac-4f54-970f-2996f6d04649/resourceGroups/uw1_dev_arrow_designcenter/providers/Microsoft.Network/networkInterfaces/uw1vmdset004d-nic-700f4da4f742411492e79f04e23bf826/ipConfigurations/eaa2a901ed0f4946a65b5fe039f55f47",
                            "ip_configurations.2021115190": "/subscriptions/6c4adb2a-8aac-4f54-970f-2996f6d04649/resourceGroups/uw1_dev_arrow_designcenter/providers/Microsoft.Network/networkInterfaces/uw1vmdsdb001d-nic-1/ipConfigurations/uw1vmdsdb001d-nic-1-ipconfig-1",
                            "ip_configurations.2052169249": "/subscriptions/6c4adb2a-8aac-4f54-970f-2996f6d04649/resourceGroups/uw1_dev_myarrow/providers/Microsoft.Network/networkInterfaces/uw1vmmydb003d589/ipConfigurations/ipconfig1",
                            "ip_configurations.2151294448": "/subscriptions/6c4adb2a-8aac-4f54-970f-2996f6d04649/resourceGroups/uw1_dev_arwver_tableau/providers/Microsoft.Network/networkInterfaces/uw1vmtbap001d953/ipConfigurations/ipconfig1",
                            "ip_configurations.2173666500": "/subscriptions/6c4adb2a-8aac-4f54-970f-2996f6d04649/resourceGroups/uw1_dev_arwver_haproxy/providers/Microsoft.Network/loadBalancers/uw1lbavha001d/frontendIPConfigurations/dev-my.arrow.com",
                            "ip_configurations.2201379434": "/subscriptions/6c4adb2a-8aac-4f54-970f-2996f6d04649/resourceGroups/uw1_dev_arwver_haproxy/providers/Microsoft.Network/loadBalancers/uw1lbavha001d/frontendIPConfigurations/lbfrontend_dev.verical.com",
                            "ip_configurations.2246790453": "/subscriptions/6c4adb2a-8aac-4f54-970f-2996f6d04649/resourceGroups/uw1_dev_arwver_hybris/providers/Microsoft.Network/networkInterfaces/uw1vmhbaa002dNIC1/ipConfigurations/ipconfig1",
                            "ip_configurations.2260785809": "/subscriptions/6c4adb2a-8aac-4f54-970f-2996f6d04649/resourceGroups/uw1_sand_arrow_sitecore/providers/Microsoft.Network/networkInterfaces/uw1vmsccd300b-nic-1/ipConfigurations/uw1vmsccd300b-nic-1-ipconfig-1",
                            "ip_configurations.234702980": "/subscriptions/6c4adb2a-8aac-4f54-970f-2996f6d04649/resourceGroups/uw1_dev_arrow_designcenter/providers/Microsoft.Network/networkInterfaces/uw1vmdset002d275/ipConfigurations/ipconfig1",
                            "ip_configurations.2373453444": "/subscriptions/6c4adb2a-8aac-4f54-970f-2996f6d04649/resourceGroups/uw1_dev_arrow_po-upload/providers/Microsoft.Network/networkInterfaces/uw1vmpaap003dNIC1/ipConfigurations/ipconfig1",
                            "ip_configurations.2406843826": "/subscriptions/6c4adb2a-8aac-4f54-970f-2996f6d04649/resourceGroups/uw1_dev_arwver_hybris/providers/Microsoft.Network/networkInterfaces/uw1vmhbdb005dNIC1/ipConfigurations/ipconfig1",
                            "ip_configurations.2464985909": "/subscriptions/6c4adb2a-8aac-4f54-970f-2996f6d04649/resourceGroups/uw1_dev_arwver_hybriscommerce/providers/Microsoft.Network/networkInterfaces/uw1vmhcdb001d666/ipConfigurations/ipconfig1",
                            "ip_configurations.2492515610": "/subscriptions/6c4adb2a-8aac-4f54-970f-2996f6d04649/resourceGroups/uw1_dev_myarrow/providers/Microsoft.Network/networkInterfaces/uw1vmmykf102d401/ipConfigurations/ipconfig1",
                            "ip_configurations.2495678634": "/subscriptions/6c4adb2a-8aac-4f54-970f-2996f6d04649/resourceGroups/uw1_dev_arwver_navision/providers/Microsoft.Network/networkInterfaces/uw1vmnvdb001d802/ipConfigurations/ipconfig1",
                            "ip_configurations.2519360885": "/subscriptions/6c4adb2a-8aac-4f54-970f-2996f6d04649/resourceGroups/uw1_dev_arwver_hybriscommerce/providers/Microsoft.Network/networkInterfaces/uw1vmhcap001dNIC1/ipConfigurations/ipconfig1",
                            "ip_configurations.2551221092": "/subscriptions/6c4adb2a-8aac-4f54-970f-2996f6d04649/resourceGroups/uw1_dev_arwver_hybris/providers/Microsoft.Network/networkInterfaces/uw1vmhbms001d962/ipConfigurations/ipconfig1",
                            "ip_configurations.2616491655": "/subscriptions/6c4adb2a-8aac-4f54-970f-2996f6d04649/resourceGroups/uw1_dev_arrow_sitecore/providers/Microsoft.Network/networkInterfaces/uw1vmsccd001de935f512-c960-4276-a971-f8fea35dd6dc/ipConfigurations/ipConfiguw1vmsccd001de935f512-c960-4276-a971-f8fea35dd6dc",
                            "ip_configurations.2657808880": "/subscriptions/6c4adb2a-8aac-4f54-970f-2996f6d04649/resourceGroups/uw1_dev_arwver_haproxy/providers/Microsoft.Network/loadBalancers/uw1lbavha001d/frontendIPConfigurations/myarrowdev.arrow.com",
                            "ip_configurations.270542277": "/subscriptions/6c4adb2a-8aac-4f54-970f-2996f6d04649/resourceGroups/uw1_dev_arwver_hybris/providers/Microsoft.Network/networkInterfaces/uw1vmhbpn001dNIC1/ipConfigurations/ipconfig1",
                            "ip_configurations.2725433425": "/subscriptions/6c4adb2a-8aac-4f54-970f-2996f6d04649/resourceGroups/uw1_dev_arwver_haproxy/providers/Microsoft.Network/loadBalancers/uw1lbavha001d/frontendIPConfigurations/dev-design.arrow.com",
                            "ip_configurations.292608860": "/subscriptions/6c4adb2a-8aac-4f54-970f-2996f6d04649/resourceGroups/uw1_dev_arwver_hybriscommerce/providers/Microsoft.Network/networkInterfaces/uw1vmhcss002dNIC1/ipConfigurations/ipconfig1",
                            "ip_configurations.2926343700": "/subscriptions/6c4adb2a-8aac-4f54-970f-2996f6d04649/resourceGroups/uw1_dev_arrow_designcenter/providers/Microsoft.Network/loadBalancers/uw1lbdskw001d/frontendIPConfigurations/LoadBalancerFrontEnd",
                            "ip_configurations.2979602966": "/subscriptions/6c4adb2a-8aac-4f54-970f-2996f6d04649/resourceGroups/uw1_dev_arrow_sitecore/providers/Microsoft.Network/networkInterfaces/uw1vmscdb002d753/ipConfigurations/ipconfig1",
                            "ip_configurations.3005895636": "/subscriptions/6c4adb2a-8aac-4f54-970f-2996f6d04649/resourceGroups/uw1_dev_arrow_sitecore/providers/Microsoft.Network/loadBalancers/uw1lbscha001d/frontendIPConfigurations/sitecore-dev",
                            "ip_configurations.3037744727": "/subscriptions/6c4adb2a-8aac-4f54-970f-2996f6d04649/resourceGroups/uw1_dev_arrow_sitecore/providers/Microsoft.Network/networkInterfaces/uw1vmscdb001d414bc54c-0c9b-43e9-9521-b8eafccf9e96/ipConfigurations/ipConfiguw1vmscdb001d414bc54c-0c9b-43e9-9521-b8eafccf9e96",
                            "ip_configurations.3116142327": "/subscriptions/6c4adb2a-8aac-4f54-970f-2996f6d04649/resourceGroups/uw1_dev_arrow_sitecore/providers/Microsoft.Network/networkInterfaces/uw1vmscha001d-nic-1/ipConfigurations/uw1vmscha001d-nic-1-ipconfig-1",
                            "ip_configurations.3145271055": "/subscriptions/6c4adb2a-8aac-4f54-970f-2996f6d04649/resourceGroups/AzureBackupRG_southeastasia_1/providers/Microsoft.Network/networkInterfaces/uw1vmpajn004d87/ipConfigurations/ipconfig1",
                            "ip_configurations.3146421879": "/subscriptions/6c4adb2a-8aac-4f54-970f-2996f6d04649/resourceGroups/uw1_dev_arrow_po-upload/providers/Microsoft.Network/networkInterfaces/uw1vmpaap002dNIC1/ipConfigurations/ipconfig1",
                            "ip_configurations.3148242316": "/subscriptions/6c4adb2a-8aac-4f54-970f-2996f6d04649/resourceGroups/uw1_dev_converge_shortagedetection/providers/Microsoft.Network/networkInterfaces/uw1vmsdap001d887/ipConfigurations/ipconfig1",
                            "ip_configurations.3196349740": "/subscriptions/6c4adb2a-8aac-4f54-970f-2996f6d04649/resourceGroups/uw1_dev_arwver_haproxy/providers/Microsoft.Network/loadBalancers/uw1lbavha001d/frontendIPConfigurations/ydev3.arrow.com",
                            "ip_configurations.3278765622": "/subscriptions/6c4adb2a-8aac-4f54-970f-2996f6d04649/resourceGroups/uw1_dev_arrow_designcenter/providers/Microsoft.Network/networkInterfaces/uw1vmdsap001d-nic-1/ipConfigurations/uw1vmdsap001d-nic-1-ipconfig-1",
                            "ip_configurations.3443381344": "/subscriptions/6c4adb2a-8aac-4f54-970f-2996f6d04649/resourceGroups/uw1_dev_arwver_hybriscommerce/providers/Microsoft.Network/networkInterfaces/uw1vmhcap002dNIC1/ipConfigurations/ipconfig1",
                            "ip_configurations.3496429789": "/subscriptions/6c4adb2a-8aac-4f54-970f-2996f6d04649/resourceGroups/uw1_dev_arrow_itemservices/providers/Microsoft.Network/networkInterfaces/uw1vmiadb001dNIC1/ipConfigurations/ipconfig1",
                            "ip_configurations.3563205799": "/subscriptions/6c4adb2a-8aac-4f54-970f-2996f6d04649/resourceGroups/uw1_dev_arwver_hybris/providers/Microsoft.Network/networkInterfaces/uw1vmhbdb006dNIC1/ipConfigurations/ipconfig1",
                            "ip_configurations.3609538469": "/subscriptions/6c4adb2a-8aac-4f54-970f-2996f6d04649/resourceGroups/uw1_dev_arrow_designcenter/providers/Microsoft.Network/networkInterfaces/uw1vmdskw003d883/ipConfigurations/ipconfig1",
                            "ip_configurations.3722433061": "/subscriptions/6c4adb2a-8aac-4f54-970f-2996f6d04649/resourceGroups/uw1_dev_myarrow/providers/Microsoft.Network/networkInterfaces/uw1vmmykf104d401/ipConfigurations/ipconfig1",
                            "ip_configurations.3741121568": "/subscriptions/6c4adb2a-8aac-4f54-970f-2996f6d04649/resourceGroups/uw1_dev_arwver_hybris/providers/Microsoft.Network/networkInterfaces/uw1vmhbaa001dNIC1/ipConfigurations/ipconfig1",
                            "ip_configurations.3768395618": "/subscriptions/6c4adb2a-8aac-4f54-970f-2996f6d04649/resourceGroups/uw1_dev_arrow_po-upload/providers/Microsoft.Network/networkInterfaces/uw1vmpaap001dNIC1/ipConfigurations/ipconfig1",
                            "ip_configurations.3795807666": "/subscriptions/6c4adb2a-8aac-4f54-970f-2996f6d04649/resourceGroups/uw1_dev_arwver_hybris/providers/Microsoft.Network/networkInterfaces/uw1vmants002d982/ipConfigurations/ipconfig1",
                            "ip_configurations.3844467558": "/subscriptions/6c4adb2a-8aac-4f54-970f-2996f6d04649/resourceGroups/uw1_dev_arrow_designcenter/providers/Microsoft.Network/networkInterfaces/uw1vmdset003d138/ipConfigurations/ipconfig1",
                            "ip_configurations.3907050312": "/subscriptions/6c4adb2a-8aac-4f54-970f-2996f6d04649/resourceGroups/uw1_sand_arrow_sitecore/providers/Microsoft.Network/networkInterfaces/uw1vmsccd001b-nic-1/ipConfigurations/uw1vmsccd001b-nic-1-ipconfig-1",
                            "ip_configurations.3986954467": "/subscriptions/6c4adb2a-8aac-4f54-970f-2996f6d04649/resourceGroups/uw1_dev_arwver_hybris/providers/Microsoft.Network/networkInterfaces/uw1vmants001d589/ipConfigurations/ipconfig1",
                            "ip_configurations.4009709180": "/subscriptions/6c4adb2a-8aac-4f54-970f-2996f6d04649/resourceGroups/UW1_DEV_ARROW_PO-UPLOAD/providers/Microsoft.Network/networkInterfaces/uw1vmpajn007dnic1/ipConfigurations/IPConfiguration1",
                            "ip_configurations.4009956448": "/subscriptions/6c4adb2a-8aac-4f54-970f-2996f6d04649/resourceGroups/uw1_dev_arwver_infrastructure/providers/Microsoft.Network/networkInterfaces/uw1vmtestkomal934/ipConfigurations/ipconfig1",
                            "ip_configurations.4057660412": "/subscriptions/6c4adb2a-8aac-4f54-970f-2996f6d04649/resourceGroups/uw1_dev_arwver_hybris/providers/Microsoft.Network/networkInterfaces/uw1vmhbap002dNIC1/ipConfigurations/ipconfig1",
                            "ip_configurations.4123228902": "/subscriptions/6c4adb2a-8aac-4f54-970f-2996f6d04649/resourceGroups/uw1_dev_arrow_sonarqube/providers/Microsoft.Network/networkInterfaces/uw1vmsqsc001d292/ipConfigurations/ipconfig1",
                            "ip_configurations.4164537019": "/subscriptions/6c4adb2a-8aac-4f54-970f-2996f6d04649/resourceGroups/uw1_dev_arrow_po-upload/providers/Microsoft.Network/networkInterfaces/nic-test/ipConfigurations/testconfiguration1",
                            "ip_configurations.418906352": "/subscriptions/6c4adb2a-8aac-4f54-970f-2996f6d04649/resourceGroups/uw1_dev_arwver_infrastructure/providers/Microsoft.Network/networkInterfaces/nic-terraformtest0/ipConfigurations/ipconfig0",
                            "ip_configurations.433395807": "/subscriptions/6c4adb2a-8aac-4f54-970f-2996f6d04649/resourceGroups/uw1_dev_arwver_hybris/providers/Microsoft.Network/networkInterfaces/uw1vmhbdb002d226/ipConfigurations/ipconfig1",
                            "ip_configurations.559805254": "/subscriptions/6c4adb2a-8aac-4f54-970f-2996f6d04649/resourceGroups/uw1_dev_arrow_designcenter/providers/Microsoft.Network/networkInterfaces/uw1vmdset001d845/ipConfigurations/ipconfig1",
                            "ip_configurations.608421460": "/subscriptions/6c4adb2a-8aac-4f54-970f-2996f6d04649/resourceGroups/uw1_dev_arwver_infrastructure/providers/Microsoft.Network/networkInterfaces/nic-terraform0/ipConfigurations/ipconfig0",
                            "ip_configurations.738580367": "/subscriptions/6c4adb2a-8aac-4f54-970f-2996f6d04649/resourceGroups/uw1_dev_myarrow/providers/Microsoft.Network/networkInterfaces/uw1vmmykf105d401/ipConfigurations/ipconfig1",
                            "ip_configurations.806989632": "/subscriptions/6c4adb2a-8aac-4f54-970f-2996f6d04649/resourceGroups/uw1_dev_arrow_po-upload/providers/Microsoft.Network/networkInterfaces/uw1vmpaap005d905/ipConfigurations/ipconfig1",
                            "ip_configurations.938173562": "/subscriptions/6c4adb2a-8aac-4f54-970f-2996f6d04649/resourceGroups/uw1_dev_arrow_k8/providers/Microsoft.Network/networkInterfaces/uw1vmkuap003dNIC1/ipConfigurations/ipconfig1",
                            "ip_configurations.962258840": "/subscriptions/6c4adb2a-8aac-4f54-970f-2996f6d04649/resourceGroups/uw1_dev_arwver_hybris/providers/Microsoft.Network/networkInterfaces/uw1vmhbdb003dNIC1/ipConfigurations/ipconfig1",
                            "ip_configurations.995373073": "/subscriptions/6c4adb2a-8aac-4f54-970f-2996f6d04649/resourceGroups/uw1_sand_arrow_sitecore/providers/Microsoft.Network/networkInterfaces/uw1vmscnp001b860/ipConfigurations/ipconfig1",
                            "name": "digital_sb_10_251_172_0_22",
                            "network_security_group_id": "/subscriptions/6c4adb2a-8aac-4f54-970f-2996f6d04649/resourceGroups/digital_vnet/providers/Microsoft.Network/networkSecurityGroups/sb_10_251_172_0_22_nsg01",
                            "resource_group_name": "digital_vnet",
                            "route_table_id": "",
                            "virtual_network_name": "digital_vnet2"
                        },
                        "meta": {},
                        "tainted": false
                    },
                    "deposed": [],
                    "provider": "provider.azurerm"
                },
                "random_id.vm-sa": {
                    "type": "random_id",
                    "depends_on": [],
                    "primary": {
                        "id": "PBUifwoM",
                        "attributes": {
                            "b64": "PBUifwoM",
                            "b64_std": "PBUifwoM",
                            "b64_url": "PBUifwoM",
                            "byte_length": "6",
                            "dec": "66061470730764",
                            "hex": "3c15227f0a0c",
                            "id": "PBUifwoM",
                            "keepers.%": "1",
                            "keepers.vm_hostname": "terraformtest"
                        },
                        "meta": {},
                        "tainted": false
                    },
                    "deposed": [],
                    "provider": "provider.random"
                }
            },
            "depends_on": []
        },
        {
            "path": [
                "root",
                "os"
            ],
            "outputs": {
                "calculated_remote_port": {
                    "sensitive": false,
                    "type": "string",
                    "value": "22"
                },
                "calculated_value_os_offer": {
                    "sensitive": false,
                    "type": "string",
                    "value": "RHEL"
                },
                "calculated_value_os_publisher": {
                    "sensitive": false,
                    "type": "string",
                    "value": "RedHat"
                },
                "calculated_value_os_sku": {
                    "sensitive": false,
                    "type": "string",
                    "value": "7.4"
                }
            },
            "resources": {},
            "depends_on": []
        }
    ]
}
